
Microsoft Visual Studio Solution File, Format Version 12.00
# Visual Studio Version 17
VisualStudioVersion = 17.3.32922.545
MinimumVisualStudioVersion = 10.0.40219.1
Project("{FAE04EC0-301F-11D3-BF4B-00C04F79EFBC}") = "WebApplication1", "WebApplication1\WebApplication1.csproj", "{4BA5B1B6-4FD4-4E2F-B49C-4AC46E659F1E}"
EndProject
Global
	GlobalSection(SolutionConfigurationPlatforms) = preSolution
		Debug|Any CPU = Debug|Any CPU
		Release|Any CPU = Release|Any CPU
	EndGlobalSection
	GlobalSection(ProjectConfigurationPlatforms) = postSolution
		{4BA5B1B6-4FD4-4E2F-B49C-4AC46E659F1E}.Debug|Any CPU.ActiveCfg = Debug|Any CPU
		{4BA5B1B6-4FD4-4E2F-B49C-4AC46E659F1E}.Debug|Any CPU.Build.0 = Debug|Any CPU
		{4BA5B1B6-4FD4-4E2F-B49C-4AC46E659F1E}.Release|Any CPU.ActiveCfg = Release|Any CPU
		{4BA5B1B6-4FD4-4E2F-B49C-4AC46E659F1E}.Release|Any CPU.Build.0 = Release|Any CPU
	EndGlobalSection
	GlobalSection(SolutionProperties) = preSolution
		HideSolutionNode = FALSE
	EndGlobalSection
	GlobalSection(ExtensibilityGlobals) = postSolution
		SolutionGuid = {6DA19032-A67F-407F-B3FB-AE880E382C9E}
	EndGlobalSection
EndGlobal
